
Microsoft Visual Studio Solution File, Format Version 11.00
# Visual Studio 2010
Project("{E24C65DC-7377-472B-9ABA-BC803B73C61A}") = "cmbbva", "Z:\Documents\Visual Studio 2010\WebSites\cmbbva\", "{14D231C4-7BE6-4691-8968-CD418542A80B}"
	ProjectSection(WebsiteProperties) = preProject
		TargetFrameworkMoniker = ".NETFramework,Version%3Dv4.0"
		Debug.AspNetCompiler.VirtualPath = "/cmbbva"
		Debug.AspNetCompiler.PhysicalPath = "Z:\Documents\Visual Studio 2010\WebSites\cmbbva\"
		Debug.AspNetCompiler.TargetPath = "PrecompiledWeb\cmbbva\"
		Debug.AspNetCompiler.Updateable = "true"
		Debug.AspNetCompiler.ForceOverwrite = "true"
		Debug.AspNetCompiler.FixedNames = "false"
		Debug.AspNetCompiler.Debug = "True"
		Release.AspNetCompiler.VirtualPath = "/cmbbva"
		Release.AspNetCompiler.PhysicalPath = "Z:\Documents\Visual Studio 2010\WebSites\cmbbva\"
		Release.AspNetCompiler.TargetPath = "PrecompiledWeb\cmbbva\"
		Release.AspNetCompiler.Updateable = "true"
		Release.AspNetCompiler.ForceOverwrite = "true"
		Release.AspNetCompiler.FixedNames = "false"
		Release.AspNetCompiler.Debug = "False"
		VWDPort = "49170"
	EndProjectSection
EndProject
Global
	GlobalSection(SolutionConfigurationPlatforms) = preSolution
		Debug|Any CPU = Debug|Any CPU
	EndGlobalSection
	GlobalSection(ProjectConfigurationPlatforms) = postSolution
		{14D231C4-7BE6-4691-8968-CD418542A80B}.Debug|Any CPU.ActiveCfg = Debug|Any CPU
		{14D231C4-7BE6-4691-8968-CD418542A80B}.Debug|Any CPU.Build.0 = Debug|Any CPU
	EndGlobalSection
	GlobalSection(SolutionProperties) = preSolution
		HideSolutionNode = FALSE
	EndGlobalSection
EndGlobal
